
Microsoft Visual Studio Solution File, Format Version 12.00
Project("{FAE04EC0-301F-11D3-BF4B-00C04F79EFBC}") = "MigrationSquasher", "MigrationSquasher\MigrationSquasher.csproj", "{46C3A2BD-D514-4E53-BA88-0CBA30F2377C}"
EndProject
Project("{2150E333-8FDC-42A3-9474-1A3956D46DE8}") = "Solution Items", "Solution Items", "{87C7B28D-F83F-4902-A08A-B083DE1A44B6}"
	ProjectSection(SolutionItems) = preProject
		docker-compose.yml = docker-compose.yml
	EndProjectSection
EndProject
Global
	GlobalSection(SolutionConfigurationPlatforms) = preSolution
		Debug|Any CPU = Debug|Any CPU
		Release|Any CPU = Release|Any CPU
	EndGlobalSection
	GlobalSection(ProjectConfigurationPlatforms) = postSolution
		{46C3A2BD-D514-4E53-BA88-0CBA30F2377C}.Debug|Any CPU.ActiveCfg = Debug|Any CPU
		{46C3A2BD-D514-4E53-BA88-0CBA30F2377C}.Debug|Any CPU.Build.0 = Debug|Any CPU
		{46C3A2BD-D514-4E53-BA88-0CBA30F2377C}.Release|Any CPU.ActiveCfg = Release|Any CPU
		{46C3A2BD-D514-4E53-BA88-0CBA30F2377C}.Release|Any CPU.Build.0 = Release|Any CPU
	EndGlobalSection
EndGlobal
